
Microsoft Visual Studio Solution File, Format Version 12.00
# Visual Studio Version 17
VisualStudioVersion = 17.0.32014.148
MinimumVisualStudioVersion = 10.0.40219.1
Project("{FAE04EC0-301F-11D3-BF4B-00C04F79EFBC}") = "Minesweeper", "Minesweeper\Minesweeper.csproj", "{FCF5CA25-685D-4490-B5B7-7B887C5B4549}"
EndProject
Project("{FAE04EC0-301F-11D3-BF4B-00C04F79EFBC}") = "MinesweeperTests1", "MinesweeperTests1\MinesweeperTests1.csproj", "{4A7EE18E-9725-4E5F-8A2E-DF21CED0EFD7}"
EndProject
Global
	GlobalSection(SolutionConfigurationPlatforms) = preSolution
		Debug|Any CPU = Debug|Any CPU
		Release|Any CPU = Release|Any CPU
	EndGlobalSection
	GlobalSection(ProjectConfigurationPlatforms) = postSolution
		{FCF5CA25-685D-4490-B5B7-7B887C5B4549}.Debug|Any CPU.ActiveCfg = Debug|Any CPU
		{FCF5CA25-685D-4490-B5B7-7B887C5B4549}.Debug|Any CPU.Build.0 = Debug|Any CPU
		{FCF5CA25-685D-4490-B5B7-7B887C5B4549}.Release|Any CPU.ActiveCfg = Release|Any CPU
		{FCF5CA25-685D-4490-B5B7-7B887C5B4549}.Release|Any CPU.Build.0 = Release|Any CPU
		{4A7EE18E-9725-4E5F-8A2E-DF21CED0EFD7}.Debug|Any CPU.ActiveCfg = Debug|Any CPU
		{4A7EE18E-9725-4E5F-8A2E-DF21CED0EFD7}.Debug|Any CPU.Build.0 = Debug|Any CPU
		{4A7EE18E-9725-4E5F-8A2E-DF21CED0EFD7}.Release|Any CPU.ActiveCfg = Release|Any CPU
		{4A7EE18E-9725-4E5F-8A2E-DF21CED0EFD7}.Release|Any CPU.Build.0 = Release|Any CPU
	EndGlobalSection
	GlobalSection(SolutionProperties) = preSolution
		HideSolutionNode = FALSE
	EndGlobalSection
	GlobalSection(ExtensibilityGlobals) = postSolution
		SolutionGuid = {81550016-2829-4626-8CC7-35ABB412EABB}
	EndGlobalSection
EndGlobal
